
Microsoft Visual Studio Solution File, Format Version 12.00
# Visual Studio 15
VisualStudioVersion = 15.0.28010.2026
MinimumVisualStudioVersion = 10.0.40219.1
Project("{FAE04EC0-301F-11D3-BF4B-00C04F79EFBC}") = "TDSPC", "TDSPC\TDSPC.csproj", "{88839871-37B2-42C0-A907-A2D215CA79B5}"
EndProject
Project("{FAE04EC0-301F-11D3-BF4B-00C04F79EFBC}") = "task2", "task2\task2.csproj", "{E4AB2030-916D-44E3-BFA5-8BC06A2BF478}"
EndProject
Global
	GlobalSection(SolutionConfigurationPlatforms) = preSolution
		Debug|Any CPU = Debug|Any CPU
		Release|Any CPU = Release|Any CPU
	EndGlobalSection
	GlobalSection(ProjectConfigurationPlatforms) = postSolution
		{88839871-37B2-42C0-A907-A2D215CA79B5}.Debug|Any CPU.ActiveCfg = Debug|Any CPU
		{88839871-37B2-42C0-A907-A2D215CA79B5}.Debug|Any CPU.Build.0 = Debug|Any CPU
		{88839871-37B2-42C0-A907-A2D215CA79B5}.Release|Any CPU.ActiveCfg = Release|Any CPU
		{88839871-37B2-42C0-A907-A2D215CA79B5}.Release|Any CPU.Build.0 = Release|Any CPU
		{E4AB2030-916D-44E3-BFA5-8BC06A2BF478}.Debug|Any CPU.ActiveCfg = Debug|Any CPU
		{E4AB2030-916D-44E3-BFA5-8BC06A2BF478}.Debug|Any CPU.Build.0 = Debug|Any CPU
		{E4AB2030-916D-44E3-BFA5-8BC06A2BF478}.Release|Any CPU.ActiveCfg = Release|Any CPU
		{E4AB2030-916D-44E3-BFA5-8BC06A2BF478}.Release|Any CPU.Build.0 = Release|Any CPU
	EndGlobalSection
	GlobalSection(SolutionProperties) = preSolution
		HideSolutionNode = FALSE
	EndGlobalSection
	GlobalSection(ExtensibilityGlobals) = postSolution
		SolutionGuid = {6E742886-6EE6-4DAB-8CE4-1C0541DE8A37}
	EndGlobalSection
EndGlobal
